
Microsoft Visual Studio Solution File, Format Version 12.00
# Visual Studio Version 17
VisualStudioVersion = 17.2.32526.322
MinimumVisualStudioVersion = 10.0.40219.1
Project("{9A19103F-16F7-4668-BE54-9A1E7A4F7556}") = "WebAPI", "WebAPI\WebAPI.csproj", "{97A1BB57-102D-4884-A7F7-8937D2502D17}"
EndProject
Project("{9A19103F-16F7-4668-BE54-9A1E7A4F7556}") = "Core", "Core\Core.csproj", "{682B4C90-8731-4A93-B9E4-E3E63ACE408B}"
EndProject
Project("{FAE04EC0-301F-11D3-BF4B-00C04F79EFBC}") = "DataStore.EF", "DataStore.EF\DataStore.EF.csproj", "{864E6BC8-CE79-4BEC-9979-97581FFA2AAC}"
EndProject
Global
	GlobalSection(SolutionConfigurationPlatforms) = preSolution
		Debug|Any CPU = Debug|Any CPU
		Release|Any CPU = Release|Any CPU
	EndGlobalSection
	GlobalSection(ProjectConfigurationPlatforms) = postSolution
		{97A1BB57-102D-4884-A7F7-8937D2502D17}.Debug|Any CPU.ActiveCfg = Debug|Any CPU
		{97A1BB57-102D-4884-A7F7-8937D2502D17}.Debug|Any CPU.Build.0 = Debug|Any CPU
		{97A1BB57-102D-4884-A7F7-8937D2502D17}.Release|Any CPU.ActiveCfg = Release|Any CPU
		{97A1BB57-102D-4884-A7F7-8937D2502D17}.Release|Any CPU.Build.0 = Release|Any CPU
		{682B4C90-8731-4A93-B9E4-E3E63ACE408B}.Debug|Any CPU.ActiveCfg = Debug|Any CPU
		{682B4C90-8731-4A93-B9E4-E3E63ACE408B}.Debug|Any CPU.Build.0 = Debug|Any CPU
		{682B4C90-8731-4A93-B9E4-E3E63ACE408B}.Release|Any CPU.ActiveCfg = Release|Any CPU
		{682B4C90-8731-4A93-B9E4-E3E63ACE408B}.Release|Any CPU.Build.0 = Release|Any CPU
		{864E6BC8-CE79-4BEC-9979-97581FFA2AAC}.Debug|Any CPU.ActiveCfg = Debug|Any CPU
		{864E6BC8-CE79-4BEC-9979-97581FFA2AAC}.Debug|Any CPU.Build.0 = Debug|Any CPU
		{864E6BC8-CE79-4BEC-9979-97581FFA2AAC}.Release|Any CPU.ActiveCfg = Release|Any CPU
		{864E6BC8-CE79-4BEC-9979-97581FFA2AAC}.Release|Any CPU.Build.0 = Release|Any CPU
	EndGlobalSection
	GlobalSection(SolutionProperties) = preSolution
		HideSolutionNode = FALSE
	EndGlobalSection
	GlobalSection(ExtensibilityGlobals) = postSolution
		SolutionGuid = {5C3454F6-2EFB-4BEA-B5FF-BEAAFD6FBF96}
	EndGlobalSection
EndGlobal
